
Microsoft Visual Studio Solution File, Format Version 12.00
# Visual Studio 15
VisualStudioVersion = 15.0.28307.572
MinimumVisualStudioVersion = 10.0.40219.1
Project("{FAE04EC0-301F-11D3-BF4B-00C04F79EFBC}") = "TuneUp", "TuneUp\TuneUp.csproj", "{6FF12D3A-025E-49A5-A773-D99AB82778A3}"
EndProject
Global
	GlobalSection(SolutionConfigurationPlatforms) = preSolution
		Debug|Any CPU = Debug|Any CPU
		Release|Any CPU = Release|Any CPU
	EndGlobalSection
	GlobalSection(ProjectConfigurationPlatforms) = postSolution
		{6FF12D3A-025E-49A5-A773-D99AB82778A3}.Debug|Any CPU.ActiveCfg = Debug|Any CPU
		{6FF12D3A-025E-49A5-A773-D99AB82778A3}.Debug|Any CPU.Build.0 = Debug|Any CPU
		{6FF12D3A-025E-49A5-A773-D99AB82778A3}.Release|Any CPU.ActiveCfg = Release|Any CPU
		{6FF12D3A-025E-49A5-A773-D99AB82778A3}.Release|Any CPU.Build.0 = Release|Any CPU
	EndGlobalSection
	GlobalSection(SolutionProperties) = preSolution
		HideSolutionNode = FALSE
	EndGlobalSection
	GlobalSection(ExtensibilityGlobals) = postSolution
		SolutionGuid = {2F925636-D3C5-47B4-B7B7-0929FD35F078}
	EndGlobalSection
EndGlobal
